Microsoft Visual Studio Solution File, Format Version 12.00
# Visual Studio Version 17
VisualStudioVersion = 17.14.36327.8
MinimumVisualStudioVersion = 10.0.40219.1
Project("{FAE04EC0-301F-11D3-BF4B-00C04F79EFBC}") = "OpenCameraFramework", "OpenCamera\OpenCameraFramework.csproj", "{5BCFAB9E-B6AD-4090-AD81-4557853C5A9B}"
EndProject
Project("{FAE04EC0-301F-11D3-BF4B-00C04F79EFBC}") = "ReconnectFramework", "Reconnect\ReconnectFramework.csproj", "{797D9BF6-697F-460A-B124-2B317DBCD83C}"
EndProject
Project("{FAE04EC0-301F-11D3-BF4B-00C04F79EFBC}") = "FirmwareUpdateFramework", "FirmwareUpdate\FirmwareUpdateFramework.csproj", "{EA3F1744-D9E2-4B50-B0BA-4ACF591AF83C}"
EndProject
Project("{FAE04EC0-301F-11D3-BF4B-00C04F79EFBC}") = "UnicastFramework", "Unicast\UnicastFramework.csproj", "{88941A40-03F4-46AA-8771-7A1FCA98AB97}"
EndProject
Project("{FAE04EC0-301F-11D3-BF4B-00C04F79EFBC}") = "PipelineFromFileFramework", "PipelineFromFile\PipelineFromFileFramework.csproj", "{F9BD9A7E-C674-4FCB-94F0-569287EBC7D1}"
EndProject
Project("{FAE04EC0-301F-11D3-BF4B-00C04F79EFBC}") = "NionPointCloudFramework", "NionPointCloud\NionPointCloudFramework.csproj", "{D50C5F0E-D0AE-4CEB-B1FE-95A155E30473}"
EndProject
Project("{FAE04EC0-301F-11D3-BF4B-00C04F79EFBC}") = "SystemTimestampFramework", "SystemTimestamp\SystemTimestampFramework.csproj", "{DC212522-F187-497E-98EC-D009013EA4B3}"
EndProject
Project("{FAE04EC0-301F-11D3-BF4B-00C04F79EFBC}") = "ThresholdFromFileFramework", "ThresholdFromFile\ThresholdFromFileFramework.csproj", "{C083FE92-C339-47F7-9197-6256A5F4B647}"
EndProject
Project("{FAE04EC0-301F-11D3-BF4B-00C04F79EFBC}") = "CalibrationFromFileFramework", "CalibrationFromFile\CalibrationFromFileFramework.csproj", "{215F30DA-288B-4CBB-B8D5-AC7B1176CC3A}"
EndProject
Project("{FAE04EC0-301F-11D3-BF4B-00C04F79EFBC}") = "PointCloudFromFileFramework", "PointCloudFromFile\PointCloudFromFileFramework.csproj", "{5A9BC4EE-E79C-4691-90A0-37D0ABA6D435}"
EndProject
Project("{FAE04EC0-301F-11D3-BF4B-00C04F79EFBC}") = "WorkspaceCalibrationFromFileFramework", "WorkspaceCalibrationFromFile\WorkspaceCalibrationFromFileFramework.csproj", "{8FEC337F-7C68-4324-B294-D81A33030FBC}"
EndProject
Project("{FAE04EC0-301F-11D3-BF4B-00C04F79EFBC}") = "HDRFromFileFramework", "HDRFromFile\HDRFromFileFramework.csproj", "{AAB0931B-9267-468E-AE9C-808FDACF7C4F}"
EndProject
Project("{FAE04EC0-301F-11D3-BF4B-00C04F79EFBC}") = "ImageRegionFromFileFramework", "ImageRegionFromFile\ImageRegionFromFileFramework.csproj", "{D9610D7D-B303-4E1C-BDCA-8D5707E0AB98}"
EndProject
Global
	GlobalSection(SolutionConfigurationPlatforms) = preSolution
		Debug|x64 = Debug|x64
		Debug|x86 = Debug|x86
		Release|x64 = Release|x64
		Release|x86 = Release|x86
	EndGlobalSection
	GlobalSection(ProjectConfigurationPlatforms) = postSolution
		{5BCFAB9E-B6AD-4090-AD81-4557853C5A9B}.Debug|x64.ActiveCfg = Debug|x64
		{5BCFAB9E-B6AD-4090-AD81-4557853C5A9B}.Debug|x64.Build.0 = Debug|x64
		{5BCFAB9E-B6AD-4090-AD81-4557853C5A9B}.Debug|x86.ActiveCfg = Debug|x86
		{5BCFAB9E-B6AD-4090-AD81-4557853C5A9B}.Debug|x86.Build.0 = Debug|x86
		{5BCFAB9E-B6AD-4090-AD81-4557853C5A9B}.Release|x64.ActiveCfg = Release|x64
		{5BCFAB9E-B6AD-4090-AD81-4557853C5A9B}.Release|x64.Build.0 = Release|x64
		{5BCFAB9E-B6AD-4090-AD81-4557853C5A9B}.Release|x86.ActiveCfg = Release|x86
		{5BCFAB9E-B6AD-4090-AD81-4557853C5A9B}.Release|x86.Build.0 = Release|x86
		{797D9BF6-697F-460A-B124-2B317DBCD83C}.Debug|x64.ActiveCfg = Debug|x64
		{797D9BF6-697F-460A-B124-2B317DBCD83C}.Debug|x64.Build.0 = Debug|x64
		{797D9BF6-697F-460A-B124-2B317DBCD83C}.Debug|x86.ActiveCfg = Debug|x86
		{797D9BF6-697F-460A-B124-2B317DBCD83C}.Debug|x86.Build.0 = Debug|x86
		{797D9BF6-697F-460A-B124-2B317DBCD83C}.Release|x64.ActiveCfg = Release|x64
		{797D9BF6-697F-460A-B124-2B317DBCD83C}.Release|x64.Build.0 = Release|x64
		{797D9BF6-697F-460A-B124-2B317DBCD83C}.Release|x86.ActiveCfg = Release|x86
		{797D9BF6-697F-460A-B124-2B317DBCD83C}.Release|x86.Build.0 = Release|x86
		{EA3F1744-D9E2-4B50-B0BA-4ACF591AF83C}.Debug|x64.ActiveCfg = Debug|x64
		{EA3F1744-D9E2-4B50-B0BA-4ACF591AF83C}.Debug|x64.Build.0 = Debug|x64
		{EA3F1744-D9E2-4B50-B0BA-4ACF591AF83C}.Debug|x86.ActiveCfg = Debug|x86
		{EA3F1744-D9E2-4B50-B0BA-4ACF591AF83C}.Debug|x86.Build.0 = Debug|x86
		{EA3F1744-D9E2-4B50-B0BA-4ACF591AF83C}.Release|x64.ActiveCfg = Release|x64
		{EA3F1744-D9E2-4B50-B0BA-4ACF591AF83C}.Release|x64.Build.0 = Release|x64
		{EA3F1744-D9E2-4B50-B0BA-4ACF591AF83C}.Release|x86.ActiveCfg = Release|x86
		{EA3F1744-D9E2-4B50-B0BA-4ACF591AF83C}.Release|x86.Build.0 = Release|x86
		{88941A40-03F4-46AA-8771-7A1FCA98AB97}.Debug|x64.ActiveCfg = Debug|x64
		{88941A40-03F4-46AA-8771-7A1FCA98AB97}.Debug|x64.Build.0 = Debug|x64
		{88941A40-03F4-46AA-8771-7A1FCA98AB97}.Debug|x86.ActiveCfg = Debug|x86
		{88941A40-03F4-46AA-8771-7A1FCA98AB97}.Debug|x86.Build.0 = Debug|x86
		{88941A40-03F4-46AA-8771-7A1FCA98AB97}.Release|x64.ActiveCfg = Release|x64
		{88941A40-03F4-46AA-8771-7A1FCA98AB97}.Release|x64.Build.0 = Release|x64
		{88941A40-03F4-46AA-8771-7A1FCA98AB97}.Release|x86.ActiveCfg = Release|x86
		{88941A40-03F4-46AA-8771-7A1FCA98AB97}.Release|x86.Build.0 = Release|x86
		{F9BD9A7E-C674-4FCB-94F0-569287EBC7D1}.Debug|x64.ActiveCfg = Debug|x64
		{F9BD9A7E-C674-4FCB-94F0-569287EBC7D1}.Debug|x64.Build.0 = Debug|x64
		{F9BD9A7E-C674-4FCB-94F0-569287EBC7D1}.Debug|x86.ActiveCfg = Debug|x86
		{F9BD9A7E-C674-4FCB-94F0-569287EBC7D1}.Debug|x86.Build.0 = Debug|x86
		{F9BD9A7E-C674-4FCB-94F0-569287EBC7D1}.Release|x64.ActiveCfg = Release|x64
		{F9BD9A7E-C674-4FCB-94F0-569287EBC7D1}.Release|x64.Build.0 = Release|x64
		{F9BD9A7E-C674-4FCB-94F0-569287EBC7D1}.Release|x86.ActiveCfg = Release|x86
		{F9BD9A7E-C674-4FCB-94F0-569287EBC7D1}.Release|x86.Build.0 = Release|x86
		{DC212522-F187-497E-98EC-D009013EA4B3}.Debug|x64.ActiveCfg = Debug|x64
		{DC212522-F187-497E-98EC-D009013EA4B3}.Debug|x64.Build.0 = Debug|x64
		{DC212522-F187-497E-98EC-D009013EA4B3}.Debug|x86.ActiveCfg = Debug|x86
		{DC212522-F187-497E-98EC-D009013EA4B3}.Debug|x86.Build.0 = Debug|x86
		{DC212522-F187-497E-98EC-D009013EA4B3}.Release|x64.ActiveCfg = Release|x64
		{DC212522-F187-497E-98EC-D009013EA4B3}.Release|x64.Build.0 = Release|x64
		{DC212522-F187-497E-98EC-D009013EA4B3}.Release|x86.ActiveCfg = Release|x86
		{DC212522-F187-497E-98EC-D009013EA4B3}.Release|x86.Build.0 = Release|x86
		{D50C5F0E-D0AE-4CEB-B1FE-95A155E30473}.Debug|x64.ActiveCfg = Debug|x64
		{D50C5F0E-D0AE-4CEB-B1FE-95A155E30473}.Debug|x64.Build.0 = Debug|x64
		{D50C5F0E-D0AE-4CEB-B1FE-95A155E30473}.Debug|x86.ActiveCfg = Debug|x86
		{D50C5F0E-D0AE-4CEB-B1FE-95A155E30473}.Debug|x86.Build.0 = Debug|x86
		{D50C5F0E-D0AE-4CEB-B1FE-95A155E30473}.Release|x64.ActiveCfg = Release|x64
		{D50C5F0E-D0AE-4CEB-B1FE-95A155E30473}.Release|x64.Build.0 = Release|x64
		{D50C5F0E-D0AE-4CEB-B1FE-95A155E30473}.Release|x86.ActiveCfg = Release|x86
		{D50C5F0E-D0AE-4CEB-B1FE-95A155E30473}.Release|x86.Build.0 = Release|x86
		{C083FE92-C339-47F7-9197-6256A5F4B647}.Debug|x64.ActiveCfg = Debug|x64
		{C083FE92-C339-47F7-9197-6256A5F4B647}.Debug|x64.Build.0 = Debug|x64
		{C083FE92-C339-47F7-9197-6256A5F4B647}.Debug|x86.ActiveCfg = Debug|x86
		{C083FE92-C339-47F7-9197-6256A5F4B647}.Debug|x86.Build.0 = Debug|x86
		{C083FE92-C339-47F7-9197-6256A5F4B647}.Release|x64.ActiveCfg = Release|x64
		{C083FE92-C339-47F7-9197-6256A5F4B647}.Release|x64.Build.0 = Release|x64
		{C083FE92-C339-47F7-9197-6256A5F4B647}.Release|x86.ActiveCfg = Release|x86
		{C083FE92-C339-47F7-9197-6256A5F4B647}.Release|x86.Build.0 = Release|x86
		{215F30DA-288B-4CBB-B8D5-AC7B1176CC3A}.Debug|x64.ActiveCfg = Debug|x64
		{215F30DA-288B-4CBB-B8D5-AC7B1176CC3A}.Debug|x64.Build.0 = Debug|x64
		{215F30DA-288B-4CBB-B8D5-AC7B1176CC3A}.Debug|x86.ActiveCfg = Debug|x86
		{215F30DA-288B-4CBB-B8D5-AC7B1176CC3A}.Debug|x86.Build.0 = Debug|x86
		{215F30DA-288B-4CBB-B8D5-AC7B1176CC3A}.Release|x64.ActiveCfg = Release|x64
		{215F30DA-288B-4CBB-B8D5-AC7B1176CC3A}.Release|x64.Build.0 = Release|x64
		{215F30DA-288B-4CBB-B8D5-AC7B1176CC3A}.Release|x86.ActiveCfg = Release|x86
		{215F30DA-288B-4CBB-B8D5-AC7B1176CC3A}.Release|x86.Build.0 = Release|x86
		{5A9BC4EE-E79C-4691-90A0-37D0ABA6D435}.Debug|x64.ActiveCfg = Debug|x64
		{5A9BC4EE-E79C-4691-90A0-37D0ABA6D435}.Debug|x64.Build.0 = Debug|x64
		{5A9BC4EE-E79C-4691-90A0-37D0ABA6D435}.Debug|x86.ActiveCfg = Debug|x86
		{5A9BC4EE-E79C-4691-90A0-37D0ABA6D435}.Debug|x86.Build.0 = Debug|x86
		{5A9BC4EE-E79C-4691-90A0-37D0ABA6D435}.Release|x64.ActiveCfg = Release|x64
		{5A9BC4EE-E79C-4691-90A0-37D0ABA6D435}.Release|x64.Build.0 = Release|x64
		{5A9BC4EE-E79C-4691-90A0-37D0ABA6D435}.Release|x86.ActiveCfg = Release|x86
		{5A9BC4EE-E79C-4691-90A0-37D0ABA6D435}.Release|x86.Build.0 = Release|x86
		{8FEC337F-7C68-4324-B294-D81A33030FBC}.Debug|x64.ActiveCfg = Debug|x64
		{8FEC337F-7C68-4324-B294-D81A33030FBC}.Debug|x64.Build.0 = Debug|x64
		{8FEC337F-7C68-4324-B294-D81A33030FBC}.Debug|x86.ActiveCfg = Debug|x86
		{8FEC337F-7C68-4324-B294-D81A33030FBC}.Debug|x86.Build.0 = Debug|x86
		{8FEC337F-7C68-4324-B294-D81A33030FBC}.Release|x64.ActiveCfg = Release|x64
		{8FEC337F-7C68-4324-B294-D81A33030FBC}.Release|x64.Build.0 = Release|x64
		{8FEC337F-7C68-4324-B294-D81A33030FBC}.Release|x86.ActiveCfg = Release|x86
		{8FEC337F-7C68-4324-B294-D81A33030FBC}.Release|x86.Build.0 = Release|x86
		{AAB0931B-9267-468E-AE9C-808FDACF7C4F}.Debug|x64.ActiveCfg = Debug|x64
        {AAB0931B-9267-468E-AE9C-808FDACF7C4F}.Debug|x64.Build.0 = Debug|x64
        {AAB0931B-9267-468E-AE9C-808FDACF7C4F}.Debug|x86.ActiveCfg = Debug|x86
        {AAB0931B-9267-468E-AE9C-808FDACF7C4F}.Debug|x86.Build.0 = Debug|x86
        {AAB0931B-9267-468E-AE9C-808FDACF7C4F}.Release|x64.ActiveCfg = Release|x64
        {AAB0931B-9267-468E-AE9C-808FDACF7C4F}.Release|x64.Build.0 = Release|x64
        {AAB0931B-9267-468E-AE9C-808FDACF7C4F}.Release|x86.ActiveCfg = Release|x86
        {AAB0931B-9267-468E-AE9C-808FDACF7C4F}.Release|x86.Build.0 = Release|x86
		{D9610D7D-B303-4E1C-BDCA-8D5707E0AB98}.Debug|x64.ActiveCfg = Debug|x64
		{D9610D7D-B303-4E1C-BDCA-8D5707E0AB98}.Debug|x64.Build.0 = Debug|x64
		{D9610D7D-B303-4E1C-BDCA-8D5707E0AB98}.Debug|x86.ActiveCfg = Debug|x86
		{D9610D7D-B303-4E1C-BDCA-8D5707E0AB98}.Debug|x86.Build.0 = Debug|x86
		{D9610D7D-B303-4E1C-BDCA-8D5707E0AB98}.Release|x64.ActiveCfg = Release|x64
		{D9610D7D-B303-4E1C-BDCA-8D5707E0AB98}.Release|x64.Build.0 = Release|x64
		{D9610D7D-B303-4E1C-BDCA-8D5707E0AB98}.Release|x86.ActiveCfg = Release|x86
		{D9610D7D-B303-4E1C-BDCA-8D5707E0AB98}.Release|x86.Build.0 = Release|x86
	EndGlobalSection
	GlobalSection(SolutionProperties) = preSolution
		HideSolutionNode = FALSE
	EndGlobalSection
EndGlobal
