
Microsoft Visual Studio Solution File, Format Version 12.00
Project("{FAE04EC0-301F-11D3-BF4B-00C04F79EFBC}") = "OpenCamera", "OpenCamera\OpenCamera.csproj", "{097B4DC6-0170-4257-BE6D-8084F3EB97D1}"
EndProject
Project("{FAE04EC0-301F-11D3-BF4B-00C04F79EFBC}") = "Reconnect", "Reconnect\Reconnect.csproj", "{6D42387B-BA08-4568-B757-6C49F5E3F23E}"
EndProject
Global
	GlobalSection(SolutionConfigurationPlatforms) = preSolution
		Debug|Any CPU = Debug|Any CPU
		Release|Any CPU = Release|Any CPU
	EndGlobalSection
	GlobalSection(ProjectConfigurationPlatforms) = postSolution
		{097B4DC6-0170-4257-BE6D-8084F3EB97D1}.Debug|Any CPU.ActiveCfg = Debug|Any CPU
		{097B4DC6-0170-4257-BE6D-8084F3EB97D1}.Debug|Any CPU.Build.0 = Debug|Any CPU
		{097B4DC6-0170-4257-BE6D-8084F3EB97D1}.Release|Any CPU.ActiveCfg = Release|Any CPU
		{097B4DC6-0170-4257-BE6D-8084F3EB97D1}.Release|Any CPU.Build.0 = Release|Any CPU
		{6D42387B-BA08-4568-B757-6C49F5E3F23E}.Debug|Any CPU.ActiveCfg = Debug|Any CPU
		{6D42387B-BA08-4568-B757-6C49F5E3F23E}.Debug|Any CPU.Build.0 = Debug|Any CPU
		{6D42387B-BA08-4568-B757-6C49F5E3F23E}.Release|Any CPU.ActiveCfg = Release|Any CPU
		{6D42387B-BA08-4568-B757-6C49F5E3F23E}.Release|Any CPU.Build.0 = Release|Any CPU
	EndGlobalSection
EndGlobal
